{
  "name": "erdjs-auth",
  "version": "0.1.0",
  "lockfileVersion": 2,
  "requires": true,
  "packages": {
    "": {
      "name": "erdjs-auth",
      "version": "0.1.0",
      "license": "GPL-3.0-or-later",
      "dependencies": {
        "@elrondnetwork/erdjs-extension-provider": "^2.0.1",
        "@elrondnetwork/erdjs-wallet-connect-provider": "^2.0.1",
        "@elrondnetwork/erdjs-web-wallet-provider": "^2.1.0",
        "tslib": "^2.4.0"
      }
    },
    "node_modules/@elrondnetwork/erdjs-extension-provider": {
      "version": "2.0.1",
      "resolved": "https://registry.npmjs.org/@elrondnetwork/erdjs-extension-provider/-/erdjs-extension-provider-2.0.1.tgz",
      "integrity": "sha512-RGfVNF9i9U5Bo6ayr9M5o7KvKLjtIQoTJdyN1T1e8IwXL13k3LPcaGGWRbwmFR2Wn07V3fq8GRAheSCVvx+i8A=="
    },
    "node_modules/@elrondnetwork/erdjs-wallet-connect-provider": {
      "version": "2.0.1",
      "resolved": "https://registry.npmjs.org/@elrondnetwork/erdjs-wallet-connect-provider/-/erdjs-wallet-connect-provider-2.0.1.tgz",
      "integrity": "sha512-Knqa62jBsgrRJfzBESQ51uDfau4NHYx4wnukYOV/TqYp6EJzHHnZn/ME4dlBICVQMiHUaALTTjD1c8Hi+28bDA==",
      "dependencies": {
        "@walletconnect/client": "1.6.5",
        "bech32": "1.1.4"
      }
    },
    "node_modules/@elrondnetwork/erdjs-web-wallet-provider": {
      "version": "2.1.0",
      "resolved": "https://registry.npmjs.org/@elrondnetwork/erdjs-web-wallet-provider/-/erdjs-web-wallet-provider-2.1.0.tgz",
      "integrity": "sha512-cRrYasp/CoPjzlfRB+pUctgl72e85ALnjBF9e0VTqNGnzWA3HnAGqBxHm0yQ3PG+U3/YuB4YyVd11C3S/ZXv+g==",
      "dependencies": {
        "qs": "6.10.1"
      }
    },
    "node_modules/@walletconnect/browser-utils": {
      "version": "1.7.8",
      "resolved": "https://registry.npmjs.org/@walletconnect/browser-utils/-/browser-utils-1.7.8.tgz",
      "integrity": "sha512-iCL0XCWOZaABIc0lqA79Vyaybr3z26nt8mxiwvfrG8oaKUf5Y21Of4dj+wIXQ4Hhblre6SgDlU0Ffb39+1THOw==",
      "dependencies": {
        "@walletconnect/safe-json": "1.0.0",
        "@walletconnect/types": "^1.7.8",
        "@walletconnect/window-getters": "1.0.0",
        "@walletconnect/window-metadata": "1.0.0",
        "detect-browser": "5.2.0"
      }
    },
    "node_modules/@walletconnect/client": {
      "version": "1.6.5",
      "resolved": "https://registry.npmjs.org/@walletconnect/client/-/client-1.6.5.tgz",
      "integrity": "sha512-dRq1D3NEGwM2I3CpiwFsWy1rrdMKCMSfDUu3rCCXUE4zInx+pyq7IEFjYiSjtOEZzjRlUTqYwhjnYIezQZgh4w==",
      "dependencies": {
        "@walletconnect/core": "^1.6.5",
        "@walletconnect/iso-crypto": "^1.6.5",
        "@walletconnect/types": "^1.6.5",
        "@walletconnect/utils": "^1.6.5"
      }
    },
    "node_modules/@walletconnect/core": {
      "version": "1.7.8",
      "resolved": "https://registry.npmjs.org/@walletconnect/core/-/core-1.7.8.tgz",
      "integrity": "sha512-9xcQ0YNf9JUFb0YOX1Mpy4Yojt+6w2yQz/0aIEyj2X/s9D71NW0fTYsMcdhkLOI7mn2cqVbx2t1lRvdgqsbrSQ==",
      "dependencies": {
        "@walletconnect/socket-transport": "^1.7.8",
        "@walletconnect/types": "^1.7.8",
        "@walletconnect/utils": "^1.7.8"
      }
    },
    "node_modules/@walletconnect/crypto": {
      "version": "1.0.2",
      "resolved": "https://registry.npmjs.org/@walletconnect/crypto/-/crypto-1.0.2.tgz",
      "integrity": "sha512-+OlNtwieUqVcOpFTvLBvH+9J9pntEqH5evpINHfVxff1XIgwV55PpbdvkHu6r9Ib4WQDOFiD8OeeXs1vHw7xKQ==",
      "dependencies": {
        "@walletconnect/encoding": "^1.0.1",
        "@walletconnect/environment": "^1.0.0",
        "@walletconnect/randombytes": "^1.0.2",
        "aes-js": "^3.1.2",
        "hash.js": "^1.1.7"
      }
    },
    "node_modules/@walletconnect/encoding": {
      "version": "1.0.1",
      "resolved": "https://registry.npmjs.org/@walletconnect/encoding/-/encoding-1.0.1.tgz",
      "integrity": "sha512-8opL2rs6N6E3tJfsqwS82aZQDL3gmupWUgmvuZ3CGU7z/InZs3R9jkzH8wmYtpbq0sFK3WkJkQRZFFk4BkrmFA==",
      "dependencies": {
        "is-typedarray": "1.0.0",
        "typedarray-to-buffer": "3.1.5"
      }
    },
    "node_modules/@walletconnect/environment": {
      "version": "1.0.0",
      "resolved": "https://registry.npmjs.org/@walletconnect/environment/-/environment-1.0.0.tgz",
      "integrity": "sha512-4BwqyWy6KpSvkocSaV7WR3BlZfrxLbJSLkg+j7Gl6pTDE+U55lLhJvQaMuDVazXYxcjBsG09k7UlH7cGiUI5vQ=="
    },
    "node_modules/@walletconnect/iso-crypto": {
      "version": "1.7.8",
      "resolved": "https://registry.npmjs.org/@walletconnect/iso-crypto/-/iso-crypto-1.7.8.tgz",
      "integrity": "sha512-Qo6qDcMG0Ac+9fpWE0h/oE55NHLk6eM2vlXpWlQDN/me7RZGrkvk+LXsAkQ3UiYPEiPfq4eswcyRWC9AcrAscg==",
      "dependencies": {
        "@walletconnect/crypto": "^1.0.2",
        "@walletconnect/types": "^1.7.8",
        "@walletconnect/utils": "^1.7.8"
      }
    },
    "node_modules/@walletconnect/jsonrpc-types": {
      "version": "1.0.0",
      "resolved": "https://registry.npmjs.org/@walletconnect/jsonrpc-types/-/jsonrpc-types-1.0.0.tgz",
      "integrity": "sha512-11QXNq5H1PKZk7bP8SxgmCw3HRaDuPOVE+wObqEvmhc7OWYUZqfuaaMb+OXGRSOHL3sbC+XHfdeCxFTMXSFyng==",
      "dependencies": {
        "keyvaluestorage-interface": "^1.0.0"
      }
    },
    "node_modules/@walletconnect/jsonrpc-utils": {
      "version": "1.0.0",
      "resolved": "https://registry.npmjs.org/@walletconnect/jsonrpc-utils/-/jsonrpc-utils-1.0.0.tgz",
      "integrity": "sha512-qUHbKUK6sHeHn67qtHZoLoYk5hS6x1arTPjKDRkY93/6Fx+ZmNIpdm1owX3l6aYueyegJ7mz43FpvYHUqJ8xcw==",
      "dependencies": {
        "@walletconnect/environment": "^1.0.0",
        "@walletconnect/jsonrpc-types": "^1.0.0"
      }
    },
    "node_modules/@walletconnect/randombytes": {
      "version": "1.0.2",
      "resolved": "https://registry.npmjs.org/@walletconnect/randombytes/-/randombytes-1.0.2.tgz",
      "integrity": "sha512-ivgOtAyqQnN0rLQmOFPemsgYGysd/ooLfaDA/ACQ3cyqlca56t3rZc7pXfqJOIETx/wSyoF5XbwL+BqYodw27A==",
      "dependencies": {
        "@walletconnect/encoding": "^1.0.1",
        "@walletconnect/environment": "^1.0.0",
        "randombytes": "^2.1.0"
      }
    },
    "node_modules/@walletconnect/safe-json": {
      "version": "1.0.0",
      "resolved": "https://registry.npmjs.org/@walletconnect/safe-json/-/safe-json-1.0.0.tgz",
      "integrity": "sha512-QJzp/S/86sUAgWY6eh5MKYmSfZaRpIlmCJdi5uG4DJlKkZrHEF7ye7gA+VtbVzvTtpM/gRwO2plQuiooIeXjfg=="
    },
    "node_modules/@walletconnect/socket-transport": {
      "version": "1.7.8",
      "resolved": "https://registry.npmjs.org/@walletconnect/socket-transport/-/socket-transport-1.7.8.tgz",
      "integrity": "sha512-bqEjLxfSzG79v2OT7XVOZoyUkg6g3yng0fURrdLusWs42fYHWnrSrIZDejFn8N5PiZk5R2edrggkQ7w0VUUAfw==",
      "dependencies": {
        "@walletconnect/types": "^1.7.8",
        "@walletconnect/utils": "^1.7.8",
        "ws": "7.5.3"
      }
    },
    "node_modules/@walletconnect/types": {
      "version": "1.7.8",
      "resolved": "https://registry.npmjs.org/@walletconnect/types/-/types-1.7.8.tgz",
      "integrity": "sha512-0oSZhKIrtXRJVP1jQ0EDTRtotQY6kggGjDcmm/LLQBKnOZXdPeo0sPkV/7DjT5plT3O7Cjc6JvuXt9WOY0hlCA=="
    },
    "node_modules/@walletconnect/utils": {
      "version": "1.7.8",
      "resolved": "https://registry.npmjs.org/@walletconnect/utils/-/utils-1.7.8.tgz",
      "integrity": "sha512-DSpfH6Do0TQmdrgzu+SyjVhupVjN0WEMvNWGK9K4VlSmLFpCWfme7qxzrvuxBZ47gDqs1kGWvjyJmviWqvOnAg==",
      "dependencies": {
        "@walletconnect/browser-utils": "^1.7.8",
        "@walletconnect/encoding": "^1.0.1",
        "@walletconnect/jsonrpc-utils": "^1.0.0",
        "@walletconnect/types": "^1.7.8",
        "bn.js": "4.11.8",
        "js-sha3": "0.8.0",
        "query-string": "6.13.5"
      }
    },
    "node_modules/@walletconnect/window-getters": {
      "version": "1.0.0",
      "resolved": "https://registry.npmjs.org/@walletconnect/window-getters/-/window-getters-1.0.0.tgz",
      "integrity": "sha512-xB0SQsLaleIYIkSsl43vm8EwETpBzJ2gnzk7e0wMF3ktqiTGS6TFHxcprMl5R44KKh4tCcHCJwolMCaDSwtAaA=="
    },
    "node_modules/@walletconnect/window-metadata": {
      "version": "1.0.0",
      "resolved": "https://registry.npmjs.org/@walletconnect/window-metadata/-/window-metadata-1.0.0.tgz",
      "integrity": "sha512-9eFvmJxIKCC3YWOL97SgRkKhlyGXkrHwamfechmqszbypFspaSk+t2jQXAEU7YClHF6Qjw5eYOmy1//zFi9/GA==",
      "dependencies": {
        "@walletconnect/window-getters": "^1.0.0"
      }
    },
    "node_modules/aes-js": {
      "version": "3.1.2",
      "resolved": "https://registry.npmjs.org/aes-js/-/aes-js-3.1.2.tgz",
      "integrity": "sha512-e5pEa2kBnBOgR4Y/p20pskXI74UEz7de8ZGVo58asOtvSVG5YAbJeELPZxOmt+Bnz3rX753YKhfIn4X4l1PPRQ=="
    },
    "node_modules/bech32": {
      "version": "1.1.4",
      "resolved": "https://registry.npmjs.org/bech32/-/bech32-1.1.4.tgz",
      "integrity": "sha512-s0IrSOzLlbvX7yp4WBfPITzpAU8sqQcpsmwXDiKwrG4r491vwCO/XpejasRNl0piBMe/DvP4Tz0mIS/X1DPJBQ=="
    },
    "node_modules/bn.js": {
      "version": "4.11.8",
      "resolved": "https://registry.npmjs.org/bn.js/-/bn.js-4.11.8.tgz",
      "integrity": "sha512-ItfYfPLkWHUjckQCk8xC+LwxgK8NYcXywGigJgSwOP8Y2iyWT4f2vsZnoOXTTbo+o5yXmIUJ4gn5538SO5S3gA=="
    },
    "node_modules/call-bind": {
      "version": "1.0.2",
      "resolved": "https://registry.npmjs.org/call-bind/-/call-bind-1.0.2.tgz",
      "integrity": "sha512-7O+FbCihrB5WGbFYesctwmTKae6rOiIzmz1icreWJ+0aA7LJfuqhEso2T9ncpcFtzMQtzXf2QGGueWJGTYsqrA==",
      "dependencies": {
        "function-bind": "^1.1.1",
        "get-intrinsic": "^1.0.2"
      },
      "funding": {
        "url": "https://github.com/sponsors/ljharb"
      }
    },
    "node_modules/decode-uri-component": {
      "version": "0.2.0",
      "resolved": "https://registry.npmjs.org/decode-uri-component/-/decode-uri-component-0.2.0.tgz",
      "integrity": "sha512-hjf+xovcEn31w/EUYdTXQh/8smFL/dzYjohQGEIgjyNavaJfBY2p5F527Bo1VPATxv0VYTUC2bOcXvqFwk78Og==",
      "engines": {
        "node": ">=0.10"
      }
    },
    "node_modules/detect-browser": {
      "version": "5.2.0",
      "resolved": "https://registry.npmjs.org/detect-browser/-/detect-browser-5.2.0.tgz",
      "integrity": "sha512-tr7XntDAu50BVENgQfajMLzacmSe34D+qZc4zjnniz0ZVuw/TZcLcyxHQjYpJTM36sGEkZZlYLnIM1hH7alTMA=="
    },
    "node_modules/function-bind": {
      "version": "1.1.1",
      "resolved": "https://registry.npmjs.org/function-bind/-/function-bind-1.1.1.tgz",
      "integrity": "sha512-yIovAzMX49sF8Yl58fSCWJ5svSLuaibPxXQJFLmBObTuCr0Mf1KiPopGM9NiFjiYBCbfaa2Fh6breQ6ANVTI0A=="
    },
    "node_modules/get-intrinsic": {
      "version": "1.1.1",
      "resolved": "https://registry.npmjs.org/get-intrinsic/-/get-intrinsic-1.1.1.tgz",
      "integrity": "sha512-kWZrnVM42QCiEA2Ig1bG8zjoIMOgxWwYCEeNdwY6Tv/cOSeGpcoX4pXHfKUxNKVoArnrEr2e9srnAxxGIraS9Q==",
      "dependencies": {
        "function-bind": "^1.1.1",
        "has": "^1.0.3",
        "has-symbols": "^1.0.1"
      },
      "funding": {
        "url": "https://github.com/sponsors/ljharb"
      }
    },
    "node_modules/has": {
      "version": "1.0.3",
      "resolved": "https://registry.npmjs.org/has/-/has-1.0.3.tgz",
      "integrity": "sha512-f2dvO0VU6Oej7RkWJGrehjbzMAjFp5/VKPp5tTpWIV4JHHZK1/BxbFRtf/siA2SWTe09caDmVtYYzWEIbBS4zw==",
      "dependencies": {
        "function-bind": "^1.1.1"
      },
      "engines": {
        "node": ">= 0.4.0"
      }
    },
    "node_modules/has-symbols": {
      "version": "1.0.3",
      "resolved": "https://registry.npmjs.org/has-symbols/-/has-symbols-1.0.3.tgz",
      "integrity": "sha512-l3LCuF6MgDNwTDKkdYGEihYjt5pRPbEg46rtlmnSPlUbgmB8LOIrKJbYYFBSbnPaJexMKtiPO8hmeRjRz2Td+A==",
      "engines": {
        "node": ">= 0.4"
      },
      "funding": {
        "url": "https://github.com/sponsors/ljharb"
      }
    },
    "node_modules/hash.js": {
      "version": "1.1.7",
      "resolved": "https://registry.npmjs.org/hash.js/-/hash.js-1.1.7.tgz",
      "integrity": "sha512-taOaskGt4z4SOANNseOviYDvjEJinIkRgmp7LbKP2YTTmVxWBl87s/uzK9r+44BclBSp2X7K1hqeNfz9JbBeXA==",
      "dependencies": {
        "inherits": "^2.0.3",
        "minimalistic-assert": "^1.0.1"
      }
    },
    "node_modules/inherits": {
      "version": "2.0.4",
      "resolved": "https://registry.npmjs.org/inherits/-/inherits-2.0.4.tgz",
      "integrity": "sha512-k/vGaX4/Yla3WzyMCvTQOXYeIHvqOKtnqBduzTHpzpQZzAskKMhZ2K+EnBiSM9zGSoIFeMpXKxa4dYeZIQqewQ=="
    },
    "node_modules/is-typedarray": {
      "version": "1.0.0",
      "resolved": "https://registry.npmjs.org/is-typedarray/-/is-typedarray-1.0.0.tgz",
      "integrity": "sha512-cyA56iCMHAh5CdzjJIa4aohJyeO1YbwLi3Jc35MmRU6poroFjIGZzUzupGiRPOjgHg9TLu43xbpwXk523fMxKA=="
    },
    "node_modules/js-sha3": {
      "version": "0.8.0",
      "resolved": "https://registry.npmjs.org/js-sha3/-/js-sha3-0.8.0.tgz",
      "integrity": "sha512-gF1cRrHhIzNfToc802P800N8PpXS+evLLXfsVpowqmAFR9uwbi89WvXg2QspOmXL8QL86J4T1EpFu+yUkwJY3Q=="
    },
    "node_modules/keyvaluestorage-interface": {
      "version": "1.0.0",
      "resolved": "https://registry.npmjs.org/keyvaluestorage-interface/-/keyvaluestorage-interface-1.0.0.tgz",
      "integrity": "sha512-8t6Q3TclQ4uZynJY9IGr2+SsIGwK9JHcO6ootkHCGA0CrQCRy+VkouYNO2xicET6b9al7QKzpebNow+gkpCL8g=="
    },
    "node_modules/minimalistic-assert": {
      "version": "1.0.1",
      "resolved": "https://registry.npmjs.org/minimalistic-assert/-/minimalistic-assert-1.0.1.tgz",
      "integrity": "sha512-UtJcAD4yEaGtjPezWuO9wC4nwUnVH/8/Im3yEHQP4b67cXlD/Qr9hdITCU1xDbSEXg2XKNaP8jsReV7vQd00/A=="
    },
    "node_modules/object-inspect": {
      "version": "1.12.2",
      "resolved": "https://registry.npmjs.org/object-inspect/-/object-inspect-1.12.2.tgz",
      "integrity": "sha512-z+cPxW0QGUp0mcqcsgQyLVRDoXFQbXOwBaqyF7VIgI4TWNQsDHrBpUQslRmIfAoYWdYzs6UlKJtB2XJpTaNSpQ==",
      "funding": {
        "url": "https://github.com/sponsors/ljharb"
      }
    },
    "node_modules/qs": {
      "version": "6.10.1",
      "resolved": "https://registry.npmjs.org/qs/-/qs-6.10.1.tgz",
      "integrity": "sha512-M528Hph6wsSVOBiYUnGf+K/7w0hNshs/duGsNXPUCLH5XAqjEtiPGwNONLV0tBH8NoGb0mvD5JubnUTrujKDTg==",
      "dependencies": {
        "side-channel": "^1.0.4"
      },
      "engines": {
        "node": ">=0.6"
      },
      "funding": {
        "url": "https://github.com/sponsors/ljharb"
      }
    },
    "node_modules/query-string": {
      "version": "6.13.5",
      "resolved": "https://registry.npmjs.org/query-string/-/query-string-6.13.5.tgz",
      "integrity": "sha512-svk3xg9qHR39P3JlHuD7g3nRnyay5mHbrPctEBDUxUkHRifPHXJDhBUycdCC0NBjXoDf44Gb+IsOZL1Uwn8M/Q==",
      "dependencies": {
        "decode-uri-component": "^0.2.0",
        "split-on-first": "^1.0.0",
        "strict-uri-encode": "^2.0.0"
      },
      "engines": {
        "node": ">=6"
      },
      "funding": {
        "url": "https://github.com/sponsors/sindresorhus"
      }
    },
    "node_modules/randombytes": {
      "version": "2.1.0",
      "resolved": "https://registry.npmjs.org/randombytes/-/randombytes-2.1.0.tgz",
      "integrity": "sha512-vYl3iOX+4CKUWuxGi9Ukhie6fsqXqS9FE2Zaic4tNFD2N2QQaXOMFbuKK4QmDHC0JO6B1Zp41J0LpT0oR68amQ==",
      "dependencies": {
        "safe-buffer": "^5.1.0"
      }
    },
    "node_modules/safe-buffer": {
      "version": "5.2.1",
      "resolved": "https://registry.npmjs.org/safe-buffer/-/safe-buffer-5.2.1.tgz",
      "integrity": "sha512-rp3So07KcdmmKbGvgaNxQSJr7bGVSVk5S9Eq1F+ppbRo70+YeaDxkw5Dd8NPN+GD6bjnYm2VuPuCXmpuYvmCXQ==",
      "funding": [
        {
          "type": "github",
          "url": "https://github.com/sponsors/feross"
        },
        {
          "type": "patreon",
          "url": "https://www.patreon.com/feross"
        },
        {
          "type": "consulting",
          "url": "https://feross.org/support"
        }
      ]
    },
    "node_modules/side-channel": {
      "version": "1.0.4",
      "resolved": "https://registry.npmjs.org/side-channel/-/side-channel-1.0.4.tgz",
      "integrity": "sha512-q5XPytqFEIKHkGdiMIrY10mvLRvnQh42/+GoBlFW3b2LXLE2xxJpZFdm94we0BaoV3RwJyGqg5wS7epxTv0Zvw==",
      "dependencies": {
        "call-bind": "^1.0.0",
        "get-intrinsic": "^1.0.2",
        "object-inspect": "^1.9.0"
      },
      "funding": {
        "url": "https://github.com/sponsors/ljharb"
      }
    },
    "node_modules/split-on-first": {
      "version": "1.1.0",
      "resolved": "https://registry.npmjs.org/split-on-first/-/split-on-first-1.1.0.tgz",
      "integrity": "sha512-43ZssAJaMusuKWL8sKUBQXHWOpq8d6CfN/u1p4gUzfJkM05C8rxTmYrkIPTXapZpORA6LkkzcUulJ8FqA7Uudw==",
      "engines": {
        "node": ">=6"
      }
    },
    "node_modules/strict-uri-encode": {
      "version": "2.0.0",
      "resolved": "https://registry.npmjs.org/strict-uri-encode/-/strict-uri-encode-2.0.0.tgz",
      "integrity": "sha1-ucczDHBChi9rFC3CdLvMWGbONUY=",
      "engines": {
        "node": ">=4"
      }
    },
    "node_modules/tslib": {
      "version": "2.4.0",
      "resolved": "https://registry.npmjs.org/tslib/-/tslib-2.4.0.tgz",
      "integrity": "sha512-d6xOpEDfsi2CZVlPQzGeux8XMwLT9hssAsaPYExaQMuYskwb+x1x7J371tWlbBdWHroy99KnVB6qIkUbs5X3UQ=="
    },
    "node_modules/typedarray-to-buffer": {
      "version": "3.1.5",
      "resolved": "https://registry.npmjs.org/typedarray-to-buffer/-/typedarray-to-buffer-3.1.5.tgz",
      "integrity": "sha512-zdu8XMNEDepKKR+XYOXAVPtWui0ly0NtohUscw+UmaHiAWT8hrV1rr//H6V+0DvJ3OQ19S979M0laLfX8rm82Q==",
      "dependencies": {
        "is-typedarray": "^1.0.0"
      }
    },
    "node_modules/ws": {
      "version": "7.5.3",
      "resolved": "https://registry.npmjs.org/ws/-/ws-7.5.3.tgz",
      "integrity": "sha512-kQ/dHIzuLrS6Je9+uv81ueZomEwH0qVYstcAQ4/Z93K8zeko9gtAbttJWzoC5ukqXY1PpoouV3+VSOqEAFt5wg==",
      "engines": {
        "node": ">=8.3.0"
      },
      "peerDependencies": {
        "bufferutil": "^4.0.1",
        "utf-8-validate": "^5.0.2"
      },
      "peerDependenciesMeta": {
        "bufferutil": {
          "optional": true
        },
        "utf-8-validate": {
          "optional": true
        }
      }
    }
  },
  "dependencies": {
    "@elrondnetwork/erdjs-extension-provider": {
      "version": "2.0.1",
      "resolved": "https://registry.npmjs.org/@elrondnetwork/erdjs-extension-provider/-/erdjs-extension-provider-2.0.1.tgz",
      "integrity": "sha512-RGfVNF9i9U5Bo6ayr9M5o7KvKLjtIQoTJdyN1T1e8IwXL13k3LPcaGGWRbwmFR2Wn07V3fq8GRAheSCVvx+i8A=="
    },
    "@elrondnetwork/erdjs-wallet-connect-provider": {
      "version": "2.0.1",
      "resolved": "https://registry.npmjs.org/@elrondnetwork/erdjs-wallet-connect-provider/-/erdjs-wallet-connect-provider-2.0.1.tgz",
      "integrity": "sha512-Knqa62jBsgrRJfzBESQ51uDfau4NHYx4wnukYOV/TqYp6EJzHHnZn/ME4dlBICVQMiHUaALTTjD1c8Hi+28bDA==",
      "requires": {
        "@walletconnect/client": "1.6.5",
        "bech32": "1.1.4"
      }
    },
    "@elrondnetwork/erdjs-web-wallet-provider": {
      "version": "2.1.0",
      "resolved": "https://registry.npmjs.org/@elrondnetwork/erdjs-web-wallet-provider/-/erdjs-web-wallet-provider-2.1.0.tgz",
      "integrity": "sha512-cRrYasp/CoPjzlfRB+pUctgl72e85ALnjBF9e0VTqNGnzWA3HnAGqBxHm0yQ3PG+U3/YuB4YyVd11C3S/ZXv+g==",
      "requires": {
        "qs": "6.10.1"
      }
    },
    "@walletconnect/browser-utils": {
      "version": "1.7.8",
      "resolved": "https://registry.npmjs.org/@walletconnect/browser-utils/-/browser-utils-1.7.8.tgz",
      "integrity": "sha512-iCL0XCWOZaABIc0lqA79Vyaybr3z26nt8mxiwvfrG8oaKUf5Y21Of4dj+wIXQ4Hhblre6SgDlU0Ffb39+1THOw==",
      "requires": {
        "@walletconnect/safe-json": "1.0.0",
        "@walletconnect/types": "^1.7.8",
        "@walletconnect/window-getters": "1.0.0",
        "@walletconnect/window-metadata": "1.0.0",
        "detect-browser": "5.2.0"
      }
    },
    "@walletconnect/client": {
      "version": "1.6.5",
      "resolved": "https://registry.npmjs.org/@walletconnect/client/-/client-1.6.5.tgz",
      "integrity": "sha512-dRq1D3NEGwM2I3CpiwFsWy1rrdMKCMSfDUu3rCCXUE4zInx+pyq7IEFjYiSjtOEZzjRlUTqYwhjnYIezQZgh4w==",
      "requires": {
        "@walletconnect/core": "^1.6.5",
        "@walletconnect/iso-crypto": "^1.6.5",
        "@walletconnect/types": "^1.6.5",
        "@walletconnect/utils": "^1.6.5"
      }
    },
    "@walletconnect/core": {
      "version": "1.7.8",
      "resolved": "https://registry.npmjs.org/@walletconnect/core/-/core-1.7.8.tgz",
      "integrity": "sha512-9xcQ0YNf9JUFb0YOX1Mpy4Yojt+6w2yQz/0aIEyj2X/s9D71NW0fTYsMcdhkLOI7mn2cqVbx2t1lRvdgqsbrSQ==",
      "requires": {
        "@walletconnect/socket-transport": "^1.7.8",
        "@walletconnect/types": "^1.7.8",
        "@walletconnect/utils": "^1.7.8"
      }
    },
    "@walletconnect/crypto": {
      "version": "1.0.2",
      "resolved": "https://registry.npmjs.org/@walletconnect/crypto/-/crypto-1.0.2.tgz",
      "integrity": "sha512-+OlNtwieUqVcOpFTvLBvH+9J9pntEqH5evpINHfVxff1XIgwV55PpbdvkHu6r9Ib4WQDOFiD8OeeXs1vHw7xKQ==",
      "requires": {
        "@walletconnect/encoding": "^1.0.1",
        "@walletconnect/environment": "^1.0.0",
        "@walletconnect/randombytes": "^1.0.2",
        "aes-js": "^3.1.2",
        "hash.js": "^1.1.7"
      }
    },
    "@walletconnect/encoding": {
      "version": "1.0.1",
      "resolved": "https://registry.npmjs.org/@walletconnect/encoding/-/encoding-1.0.1.tgz",
      "integrity": "sha512-8opL2rs6N6E3tJfsqwS82aZQDL3gmupWUgmvuZ3CGU7z/InZs3R9jkzH8wmYtpbq0sFK3WkJkQRZFFk4BkrmFA==",
      "requires": {
        "is-typedarray": "1.0.0",
        "typedarray-to-buffer": "3.1.5"
      }
    },
    "@walletconnect/environment": {
      "version": "1.0.0",
      "resolved": "https://registry.npmjs.org/@walletconnect/environment/-/environment-1.0.0.tgz",
      "integrity": "sha512-4BwqyWy6KpSvkocSaV7WR3BlZfrxLbJSLkg+j7Gl6pTDE+U55lLhJvQaMuDVazXYxcjBsG09k7UlH7cGiUI5vQ=="
    },
    "@walletconnect/iso-crypto": {
      "version": "1.7.8",
      "resolved": "https://registry.npmjs.org/@walletconnect/iso-crypto/-/iso-crypto-1.7.8.tgz",
      "integrity": "sha512-Qo6qDcMG0Ac+9fpWE0h/oE55NHLk6eM2vlXpWlQDN/me7RZGrkvk+LXsAkQ3UiYPEiPfq4eswcyRWC9AcrAscg==",
      "requires": {
        "@walletconnect/crypto": "^1.0.2",
        "@walletconnect/types": "^1.7.8",
        "@walletconnect/utils": "^1.7.8"
      }
    },
    "@walletconnect/jsonrpc-types": {
      "version": "1.0.0",
      "resolved": "https://registry.npmjs.org/@walletconnect/jsonrpc-types/-/jsonrpc-types-1.0.0.tgz",
      "integrity": "sha512-11QXNq5H1PKZk7bP8SxgmCw3HRaDuPOVE+wObqEvmhc7OWYUZqfuaaMb+OXGRSOHL3sbC+XHfdeCxFTMXSFyng==",
      "requires": {
        "keyvaluestorage-interface": "^1.0.0"
      }
    },
    "@walletconnect/jsonrpc-utils": {
      "version": "1.0.0",
      "resolved": "https://registry.npmjs.org/@walletconnect/jsonrpc-utils/-/jsonrpc-utils-1.0.0.tgz",
      "integrity": "sha512-qUHbKUK6sHeHn67qtHZoLoYk5hS6x1arTPjKDRkY93/6Fx+ZmNIpdm1owX3l6aYueyegJ7mz43FpvYHUqJ8xcw==",
      "requires": {
        "@walletconnect/environment": "^1.0.0",
        "@walletconnect/jsonrpc-types": "^1.0.0"
      }
    },
    "@walletconnect/randombytes": {
      "version": "1.0.2",
      "resolved": "https://registry.npmjs.org/@walletconnect/randombytes/-/randombytes-1.0.2.tgz",
      "integrity": "sha512-ivgOtAyqQnN0rLQmOFPemsgYGysd/ooLfaDA/ACQ3cyqlca56t3rZc7pXfqJOIETx/wSyoF5XbwL+BqYodw27A==",
      "requires": {
        "@walletconnect/encoding": "^1.0.1",
        "@walletconnect/environment": "^1.0.0",
        "randombytes": "^2.1.0"
      }
    },
    "@walletconnect/safe-json": {
      "version": "1.0.0",
      "resolved": "https://registry.npmjs.org/@walletconnect/safe-json/-/safe-json-1.0.0.tgz",
      "integrity": "sha512-QJzp/S/86sUAgWY6eh5MKYmSfZaRpIlmCJdi5uG4DJlKkZrHEF7ye7gA+VtbVzvTtpM/gRwO2plQuiooIeXjfg=="
    },
    "@walletconnect/socket-transport": {
      "version": "1.7.8",
      "resolved": "https://registry.npmjs.org/@walletconnect/socket-transport/-/socket-transport-1.7.8.tgz",
      "integrity": "sha512-bqEjLxfSzG79v2OT7XVOZoyUkg6g3yng0fURrdLusWs42fYHWnrSrIZDejFn8N5PiZk5R2edrggkQ7w0VUUAfw==",
      "requires": {
        "@walletconnect/types": "^1.7.8",
        "@walletconnect/utils": "^1.7.8",
        "ws": "7.5.3"
      }
    },
    "@walletconnect/types": {
      "version": "1.7.8",
      "resolved": "https://registry.npmjs.org/@walletconnect/types/-/types-1.7.8.tgz",
      "integrity": "sha512-0oSZhKIrtXRJVP1jQ0EDTRtotQY6kggGjDcmm/LLQBKnOZXdPeo0sPkV/7DjT5plT3O7Cjc6JvuXt9WOY0hlCA=="
    },
    "@walletconnect/utils": {
      "version": "1.7.8",
      "resolved": "https://registry.npmjs.org/@walletconnect/utils/-/utils-1.7.8.tgz",
      "integrity": "sha512-DSpfH6Do0TQmdrgzu+SyjVhupVjN0WEMvNWGK9K4VlSmLFpCWfme7qxzrvuxBZ47gDqs1kGWvjyJmviWqvOnAg==",
      "requires": {
        "@walletconnect/browser-utils": "^1.7.8",
        "@walletconnect/encoding": "^1.0.1",
        "@walletconnect/jsonrpc-utils": "^1.0.0",
        "@walletconnect/types": "^1.7.8",
        "bn.js": "4.11.8",
        "js-sha3": "0.8.0",
        "query-string": "6.13.5"
      }
    },
    "@walletconnect/window-getters": {
      "version": "1.0.0",
      "resolved": "https://registry.npmjs.org/@walletconnect/window-getters/-/window-getters-1.0.0.tgz",
      "integrity": "sha512-xB0SQsLaleIYIkSsl43vm8EwETpBzJ2gnzk7e0wMF3ktqiTGS6TFHxcprMl5R44KKh4tCcHCJwolMCaDSwtAaA=="
    },
    "@walletconnect/window-metadata": {
      "version": "1.0.0",
      "resolved": "https://registry.npmjs.org/@walletconnect/window-metadata/-/window-metadata-1.0.0.tgz",
      "integrity": "sha512-9eFvmJxIKCC3YWOL97SgRkKhlyGXkrHwamfechmqszbypFspaSk+t2jQXAEU7YClHF6Qjw5eYOmy1//zFi9/GA==",
      "requires": {
        "@walletconnect/window-getters": "^1.0.0"
      }
    },
    "aes-js": {
      "version": "3.1.2",
      "resolved": "https://registry.npmjs.org/aes-js/-/aes-js-3.1.2.tgz",
      "integrity": "sha512-e5pEa2kBnBOgR4Y/p20pskXI74UEz7de8ZGVo58asOtvSVG5YAbJeELPZxOmt+Bnz3rX753YKhfIn4X4l1PPRQ=="
    },
    "bech32": {
      "version": "1.1.4",
      "resolved": "https://registry.npmjs.org/bech32/-/bech32-1.1.4.tgz",
      "integrity": "sha512-s0IrSOzLlbvX7yp4WBfPITzpAU8sqQcpsmwXDiKwrG4r491vwCO/XpejasRNl0piBMe/DvP4Tz0mIS/X1DPJBQ=="
    },
    "bn.js": {
      "version": "4.11.8",
      "resolved": "https://registry.npmjs.org/bn.js/-/bn.js-4.11.8.tgz",
      "integrity": "sha512-ItfYfPLkWHUjckQCk8xC+LwxgK8NYcXywGigJgSwOP8Y2iyWT4f2vsZnoOXTTbo+o5yXmIUJ4gn5538SO5S3gA=="
    },
    "call-bind": {
      "version": "1.0.2",
      "resolved": "https://registry.npmjs.org/call-bind/-/call-bind-1.0.2.tgz",
      "integrity": "sha512-7O+FbCihrB5WGbFYesctwmTKae6rOiIzmz1icreWJ+0aA7LJfuqhEso2T9ncpcFtzMQtzXf2QGGueWJGTYsqrA==",
      "requires": {
        "function-bind": "^1.1.1",
        "get-intrinsic": "^1.0.2"
      }
    },
    "decode-uri-component": {
      "version": "0.2.0",
      "resolved": "https://registry.npmjs.org/decode-uri-component/-/decode-uri-component-0.2.0.tgz",
      "integrity": "sha512-hjf+xovcEn31w/EUYdTXQh/8smFL/dzYjohQGEIgjyNavaJfBY2p5F527Bo1VPATxv0VYTUC2bOcXvqFwk78Og=="
    },
    "detect-browser": {
      "version": "5.2.0",
      "resolved": "https://registry.npmjs.org/detect-browser/-/detect-browser-5.2.0.tgz",
      "integrity": "sha512-tr7XntDAu50BVENgQfajMLzacmSe34D+qZc4zjnniz0ZVuw/TZcLcyxHQjYpJTM36sGEkZZlYLnIM1hH7alTMA=="
    },
    "function-bind": {
      "version": "1.1.1",
      "resolved": "https://registry.npmjs.org/function-bind/-/function-bind-1.1.1.tgz",
      "integrity": "sha512-yIovAzMX49sF8Yl58fSCWJ5svSLuaibPxXQJFLmBObTuCr0Mf1KiPopGM9NiFjiYBCbfaa2Fh6breQ6ANVTI0A=="
    },
    "get-intrinsic": {
      "version": "1.1.1",
      "resolved": "https://registry.npmjs.org/get-intrinsic/-/get-intrinsic-1.1.1.tgz",
      "integrity": "sha512-kWZrnVM42QCiEA2Ig1bG8zjoIMOgxWwYCEeNdwY6Tv/cOSeGpcoX4pXHfKUxNKVoArnrEr2e9srnAxxGIraS9Q==",
      "requires": {
        "function-bind": "^1.1.1",
        "has": "^1.0.3",
        "has-symbols": "^1.0.1"
      }
    },
    "has": {
      "version": "1.0.3",
      "resolved": "https://registry.npmjs.org/has/-/has-1.0.3.tgz",
      "integrity": "sha512-f2dvO0VU6Oej7RkWJGrehjbzMAjFp5/VKPp5tTpWIV4JHHZK1/BxbFRtf/siA2SWTe09caDmVtYYzWEIbBS4zw==",
      "requires": {
        "function-bind": "^1.1.1"
      }
    },
    "has-symbols": {
      "version": "1.0.3",
      "resolved": "https://registry.npmjs.org/has-symbols/-/has-symbols-1.0.3.tgz",
      "integrity": "sha512-l3LCuF6MgDNwTDKkdYGEihYjt5pRPbEg46rtlmnSPlUbgmB8LOIrKJbYYFBSbnPaJexMKtiPO8hmeRjRz2Td+A=="
    },
    "hash.js": {
      "version": "1.1.7",
      "resolved": "https://registry.npmjs.org/hash.js/-/hash.js-1.1.7.tgz",
      "integrity": "sha512-taOaskGt4z4SOANNseOviYDvjEJinIkRgmp7LbKP2YTTmVxWBl87s/uzK9r+44BclBSp2X7K1hqeNfz9JbBeXA==",
      "requires": {
        "inherits": "^2.0.3",
        "minimalistic-assert": "^1.0.1"
      }
    },
    "inherits": {
      "version": "2.0.4",
      "resolved": "https://registry.npmjs.org/inherits/-/inherits-2.0.4.tgz",
      "integrity": "sha512-k/vGaX4/Yla3WzyMCvTQOXYeIHvqOKtnqBduzTHpzpQZzAskKMhZ2K+EnBiSM9zGSoIFeMpXKxa4dYeZIQqewQ=="
    },
    "is-typedarray": {
      "version": "1.0.0",
      "resolved": "https://registry.npmjs.org/is-typedarray/-/is-typedarray-1.0.0.tgz",
      "integrity": "sha512-cyA56iCMHAh5CdzjJIa4aohJyeO1YbwLi3Jc35MmRU6poroFjIGZzUzupGiRPOjgHg9TLu43xbpwXk523fMxKA=="
    },
    "js-sha3": {
      "version": "0.8.0",
      "resolved": "https://registry.npmjs.org/js-sha3/-/js-sha3-0.8.0.tgz",
      "integrity": "sha512-gF1cRrHhIzNfToc802P800N8PpXS+evLLXfsVpowqmAFR9uwbi89WvXg2QspOmXL8QL86J4T1EpFu+yUkwJY3Q=="
    },
    "keyvaluestorage-interface": {
      "version": "1.0.0",
      "resolved": "https://registry.npmjs.org/keyvaluestorage-interface/-/keyvaluestorage-interface-1.0.0.tgz",
      "integrity": "sha512-8t6Q3TclQ4uZynJY9IGr2+SsIGwK9JHcO6ootkHCGA0CrQCRy+VkouYNO2xicET6b9al7QKzpebNow+gkpCL8g=="
    },
    "minimalistic-assert": {
      "version": "1.0.1",
      "resolved": "https://registry.npmjs.org/minimalistic-assert/-/minimalistic-assert-1.0.1.tgz",
      "integrity": "sha512-UtJcAD4yEaGtjPezWuO9wC4nwUnVH/8/Im3yEHQP4b67cXlD/Qr9hdITCU1xDbSEXg2XKNaP8jsReV7vQd00/A=="
    },
    "object-inspect": {
      "version": "1.12.2",
      "resolved": "https://registry.npmjs.org/object-inspect/-/object-inspect-1.12.2.tgz",
      "integrity": "sha512-z+cPxW0QGUp0mcqcsgQyLVRDoXFQbXOwBaqyF7VIgI4TWNQsDHrBpUQslRmIfAoYWdYzs6UlKJtB2XJpTaNSpQ=="
    },
    "qs": {
      "version": "6.10.1",
      "resolved": "https://registry.npmjs.org/qs/-/qs-6.10.1.tgz",
      "integrity": "sha512-M528Hph6wsSVOBiYUnGf+K/7w0hNshs/duGsNXPUCLH5XAqjEtiPGwNONLV0tBH8NoGb0mvD5JubnUTrujKDTg==",
      "requires": {
        "side-channel": "^1.0.4"
      }
    },
    "query-string": {
      "version": "6.13.5",
      "resolved": "https://registry.npmjs.org/query-string/-/query-string-6.13.5.tgz",
      "integrity": "sha512-svk3xg9qHR39P3JlHuD7g3nRnyay5mHbrPctEBDUxUkHRifPHXJDhBUycdCC0NBjXoDf44Gb+IsOZL1Uwn8M/Q==",
      "requires": {
        "decode-uri-component": "^0.2.0",
        "split-on-first": "^1.0.0",
        "strict-uri-encode": "^2.0.0"
      }
    },
    "randombytes": {
      "version": "2.1.0",
      "resolved": "https://registry.npmjs.org/randombytes/-/randombytes-2.1.0.tgz",
      "integrity": "sha512-vYl3iOX+4CKUWuxGi9Ukhie6fsqXqS9FE2Zaic4tNFD2N2QQaXOMFbuKK4QmDHC0JO6B1Zp41J0LpT0oR68amQ==",
      "requires": {
        "safe-buffer": "^5.1.0"
      }
    },
    "safe-buffer": {
      "version": "5.2.1",
      "resolved": "https://registry.npmjs.org/safe-buffer/-/safe-buffer-5.2.1.tgz",
      "integrity": "sha512-rp3So07KcdmmKbGvgaNxQSJr7bGVSVk5S9Eq1F+ppbRo70+YeaDxkw5Dd8NPN+GD6bjnYm2VuPuCXmpuYvmCXQ=="
    },
    "side-channel": {
      "version": "1.0.4",
      "resolved": "https://registry.npmjs.org/side-channel/-/side-channel-1.0.4.tgz",
      "integrity": "sha512-q5XPytqFEIKHkGdiMIrY10mvLRvnQh42/+GoBlFW3b2LXLE2xxJpZFdm94we0BaoV3RwJyGqg5wS7epxTv0Zvw==",
      "requires": {
        "call-bind": "^1.0.0",
        "get-intrinsic": "^1.0.2",
        "object-inspect": "^1.9.0"
      }
    },
    "split-on-first": {
      "version": "1.1.0",
      "resolved": "https://registry.npmjs.org/split-on-first/-/split-on-first-1.1.0.tgz",
      "integrity": "sha512-43ZssAJaMusuKWL8sKUBQXHWOpq8d6CfN/u1p4gUzfJkM05C8rxTmYrkIPTXapZpORA6LkkzcUulJ8FqA7Uudw=="
    },
    "strict-uri-encode": {
      "version": "2.0.0",
      "resolved": "https://registry.npmjs.org/strict-uri-encode/-/strict-uri-encode-2.0.0.tgz",
      "integrity": "sha1-ucczDHBChi9rFC3CdLvMWGbONUY="
    },
    "tslib": {
      "version": "2.4.0",
      "resolved": "https://registry.npmjs.org/tslib/-/tslib-2.4.0.tgz",
      "integrity": "sha512-d6xOpEDfsi2CZVlPQzGeux8XMwLT9hssAsaPYExaQMuYskwb+x1x7J371tWlbBdWHroy99KnVB6qIkUbs5X3UQ=="
    },
    "typedarray-to-buffer": {
      "version": "3.1.5",
      "resolved": "https://registry.npmjs.org/typedarray-to-buffer/-/typedarray-to-buffer-3.1.5.tgz",
      "integrity": "sha512-zdu8XMNEDepKKR+XYOXAVPtWui0ly0NtohUscw+UmaHiAWT8hrV1rr//H6V+0DvJ3OQ19S979M0laLfX8rm82Q==",
      "requires": {
        "is-typedarray": "^1.0.0"
      }
    },
    "ws": {
      "version": "7.5.3",
      "resolved": "https://registry.npmjs.org/ws/-/ws-7.5.3.tgz",
      "integrity": "sha512-kQ/dHIzuLrS6Je9+uv81ueZomEwH0qVYstcAQ4/Z93K8zeko9gtAbttJWzoC5ukqXY1PpoouV3+VSOqEAFt5wg==",
      "requires": {}
    }
  }
}
